{
  "name": "tribute_page_to_stephen_king",
  "version": "0.2.0",
  "lockfileVersion": 1,
  "requires": true,
  "dependencies": {
    "bootstrap": {
      "version": "4.3.1",
      "resolved": "https://registry.npmjs.org/bootstrap/-/bootstrap-4.3.1.tgz",
      "integrity": "sha512-rXqOmH1VilAt2DyPzluTi2blhk17bO7ef+zLLPlWvG494pDxcM234pJ8wTc/6R40UWizAIIMgxjvxZg5kmsbag==",
      "dev": true
    },
    "hoek": {
      "version": "5.0.3",
      "resolved": "http://registry.npm.taobao.org/hoek/download/hoek-5.0.3.tgz",
      "integrity": "sha1-tx1A2UPQqV2gGVa1R/g8SltKNKw="
    },
    "jquery": {
      "version": "3.3.1",
      "resolved": "http://registry.npm.taobao.org/jquery/download/jquery-3.3.1.tgz",
      "integrity": "sha1-lYzinoHJeQ8xvneS311NlfxX+8o=",
      "dev": true
    }
  }
}
